
Microsoft Visual Studio Solution File, Format Version 12.00
# Visual Studio Version 17
VisualStudioVersion = 17.7.34221.43
MinimumVisualStudioVersion = 10.0.40219.1
Project("{FAE04EC0-301F-11D3-BF4B-00C04F79EFBC}") = "APIPruebaTecnica", "APIPruebaTecnica.csproj", "{8803B0A1-3C70-40F0-8E6E-DDB4BB24C415}"
EndProject
Global
	GlobalSection(SolutionConfigurationPlatforms) = preSolution
		Debug|Any CPU = Debug|Any CPU
		Release|Any CPU = Release|Any CPU
	EndGlobalSection
	GlobalSection(ProjectConfigurationPlatforms) = postSolution
		{8803B0A1-3C70-40F0-8E6E-DDB4BB24C415}.Debug|Any CPU.ActiveCfg = Debug|Any CPU
		{8803B0A1-3C70-40F0-8E6E-DDB4BB24C415}.Debug|Any CPU.Build.0 = Debug|Any CPU
		{8803B0A1-3C70-40F0-8E6E-DDB4BB24C415}.Release|Any CPU.ActiveCfg = Release|Any CPU
		{8803B0A1-3C70-40F0-8E6E-DDB4BB24C415}.Release|Any CPU.Build.0 = Release|Any CPU
	EndGlobalSection
	GlobalSection(SolutionProperties) = preSolution
		HideSolutionNode = FALSE
	EndGlobalSection
	GlobalSection(ExtensibilityGlobals) = postSolution
		SolutionGuid = {F7844248-5DC2-4C52-8FEE-0EB4884B71F2}
	EndGlobalSection
EndGlobal
